
Microsoft Visual Studio Solution File, Format Version 12.00
# Visual Studio Version 16
VisualStudioVersion = 16.0.29609.76
MinimumVisualStudioVersion = 10.0.40219.1
Project("{FAE04EC0-301F-11D3-BF4B-00C04F79EFBC}") = "EvrakOnayUI", "EvrakOnayUI\EvrakOnayUI.csproj", "{69EE69F5-2189-4146-BBBA-CF6909C5619C}"
EndProject
Project("{FAE04EC0-301F-11D3-BF4B-00C04F79EFBC}") = "WebAPI", "WebAPI\WebAPI.csproj", "{68C6CF45-B6B5-4616-8B13-F5B121DE239C}"
EndProject
Project("{FAE04EC0-301F-11D3-BF4B-00C04F79EFBC}") = "DatabaseAccsessLayer", "DatabaseAccsessLayer\DatabaseAccsessLayer.csproj", "{03C7B9C6-387E-4DD0-B7DA-359CC8F3AAAF}"
EndProject
Global
	GlobalSection(SolutionConfigurationPlatforms) = preSolution
		Debug|Any CPU = Debug|Any CPU
		Release|Any CPU = Release|Any CPU
	EndGlobalSection
	GlobalSection(ProjectConfigurationPlatforms) = postSolution
		{69EE69F5-2189-4146-BBBA-CF6909C5619C}.Debug|Any CPU.ActiveCfg = Debug|Any CPU
		{69EE69F5-2189-4146-BBBA-CF6909C5619C}.Debug|Any CPU.Build.0 = Debug|Any CPU
		{69EE69F5-2189-4146-BBBA-CF6909C5619C}.Release|Any CPU.ActiveCfg = Release|Any CPU
		{69EE69F5-2189-4146-BBBA-CF6909C5619C}.Release|Any CPU.Build.0 = Release|Any CPU
		{68C6CF45-B6B5-4616-8B13-F5B121DE239C}.Debug|Any CPU.ActiveCfg = Debug|Any CPU
		{68C6CF45-B6B5-4616-8B13-F5B121DE239C}.Debug|Any CPU.Build.0 = Debug|Any CPU
		{68C6CF45-B6B5-4616-8B13-F5B121DE239C}.Release|Any CPU.ActiveCfg = Release|Any CPU
		{68C6CF45-B6B5-4616-8B13-F5B121DE239C}.Release|Any CPU.Build.0 = Release|Any CPU
		{03C7B9C6-387E-4DD0-B7DA-359CC8F3AAAF}.Debug|Any CPU.ActiveCfg = Debug|Any CPU
		{03C7B9C6-387E-4DD0-B7DA-359CC8F3AAAF}.Debug|Any CPU.Build.0 = Debug|Any CPU
		{03C7B9C6-387E-4DD0-B7DA-359CC8F3AAAF}.Release|Any CPU.ActiveCfg = Release|Any CPU
		{03C7B9C6-387E-4DD0-B7DA-359CC8F3AAAF}.Release|Any CPU.Build.0 = Release|Any CPU
	EndGlobalSection
	GlobalSection(SolutionProperties) = preSolution
		HideSolutionNode = FALSE
	EndGlobalSection
	GlobalSection(ExtensibilityGlobals) = postSolution
		SolutionGuid = {481EA1DE-B168-46BB-8C44-14AFA2C66AB8}
	EndGlobalSection
EndGlobal
